<?xml version="1.0" encoding="utf-8"?>
<Project ToolsVersion="4.0" xmlns="http://schemas.microsoft.com/developer/msbuild/2003">
  <ItemGroup>
    <Filter Include="Source Files">
      <UniqueIdentifier>{4FC737F1-C7A5-4376-A066-2A32D752A2FF}</UniqueIdentifier>
      <Extensions>cpp;c;cc;cxx;def;odl;idl;hpj;bat;asm;asmx</Extensions>
    </Filter>
    <Filter Include="Header Files">
      <UniqueIdentifier>{93995380-89BD-4b04-88EB-625FBE52EBFB}</UniqueIdentifier>
      <Extensions>h;hh;hpp;hxx;hm;inl;inc;ipp;xsd</Extensions>
    </Filter>
    <Filter Include="Resource Files">
      <UniqueIdentifier>{67DA6AB6-F800-4c08-8B7A-83BB121AAD01}</UniqueIdentifier>
      <Extensions>rc;ico;cur;bmp;dlg;rc2;rct;bin;rgs;gif;jpg;jpeg;jpe;resx;tiff;tif;png;wav;mfcribbon-ms</Extensions>
    </Filter>
    <Filter Include="Source Files\FatFs">
      <UniqueIdentifier>{1caa9e96-e294-428f-a258-2a916247f327}</UniqueIdentifier>
    </Filter>
    <Filter Include="Source Files\MapFile">
      <UniqueIdentifier>{6966972e-583a-4a19-b540-8b61c2f6c5fb}</UniqueIdentifier>
    </Filter>
    <Filter Include="Source Files\Types">
      <UniqueIdentifier>{21cf7ebf-4c23-44f7-bd77-964c1f8aab4f}</UniqueIdentifier>
    </Filter>
    <Filter Include="Header Files\FatFs">
      <UniqueIdentifier>{407877b1-4aad-40d7-8298-e2c90bcaf0ba}</UniqueIdentifier>
    </Filter>
    <Filter Include="Header Files\Types">
      <UniqueIdentifier>{64930dfc-e90f-4a67-ba6d-3909d69e6baa}</UniqueIdentifier>
    </Filter>
  </ItemGroup>
  <ItemGroup>
    <ClInclude Include="targetver.h">
      <Filter>Header Files</Filter>
    </ClInclude>
    <ClInclude Include="Resource.h">
      <Filter>Header Files</Filter>
    </ClInclude>
    <ClInclude Include="convert.h">
      <Filter>Header Files</Filter>
    </ClInclude>
    <ClInclude Include="device.h">
      <Filter>Header Files</Filter>
    </ClInclude>
    <ClInclude Include="graph.h">
      <Filter>Header Files</Filter>
    </ClInclude>
    <ClInclude Include="screen.h">
      <Filter>Header Files</Filter>
    </ClInclude>
    <ClInclude Include="devfont.h">
      <Filter>Header Files</Filter>
    </ClInclude>
    <ClInclude Include="devio.h">
      <Filter>Header Files</Filter>
    </ClInclude>
    <ClInclude Include="devioimpl.h">
      <Filter>Header Files</Filter>
    </ClInclude>
    <ClInclude Include="sound.h">
      <Filter>Header Files</Filter>
    </ClInclude>
    <ClInclude Include="color.h">
      <Filter>Header Files</Filter>
    </ClInclude>
    <ClInclude Include="display.h">
      <Filter>Header Files</Filter>
    </ClInclude>
    <ClInclude Include="map.h">
      <Filter>Header Files</Filter>
    </ClInclude>
    <ClInclude Include="tourist.h">
      <Filter>Header Files</Filter>
    </ClInclude>
    <ClInclude Include="..\MapFile\fs.h">
      <Filter>Source Files\MapFile</Filter>
    </ClInclude>
    <ClInclude Include="..\MapFile\fscache.h">
      <Filter>Source Files\MapFile</Filter>
    </ClInclude>
    <ClInclude Include="..\MapFile\lodepng.h">
      <Filter>Source Files\MapFile</Filter>
    </ClInclude>
    <ClInclude Include="..\MapFile\fileio.h">
      <Filter>Source Files\MapFile</Filter>
    </ClInclude>
    <ClInclude Include="..\FatFs\diskio.h">
      <Filter>Header Files\FatFs</Filter>
    </ClInclude>
    <ClInclude Include="..\FatFs\ff.h">
      <Filter>Header Files\FatFs</Filter>
    </ClInclude>
    <ClInclude Include="..\FatFs\ffconf.h">
      <Filter>Header Files\FatFs</Filter>
    </ClInclude>
    <ClInclude Include="..\FatFs\integer.h">
      <Filter>Header Files\FatFs</Filter>
    </ClInclude>
    <ClInclude Include="..\Types\types.h">
      <Filter>Header Files\Types</Filter>
    </ClInclude>
    <ClInclude Include="..\Types\coord.h">
      <Filter>Header Files\Types</Filter>
    </ClInclude>
    <ClInclude Include="..\Types\sizes.h">
      <Filter>Header Files\Types</Filter>
    </ClInclude>
  </ItemGroup>
  <ItemGroup>
    <ClCompile Include="CompressTest.cpp">
      <Filter>Source Files</Filter>
    </ClCompile>
    <ClCompile Include="devfont32x25.c">
      <Filter>Source Files</Filter>
    </ClCompile>
    <ClCompile Include="graph.c">
      <Filter>Source Files</Filter>
    </ClCompile>
    <ClCompile Include="devio.cpp">
      <Filter>Source Files</Filter>
    </ClCompile>
    <ClCompile Include="device.c">
      <Filter>Source Files</Filter>
    </ClCompile>
    <ClCompile Include="sound.cpp">
      <Filter>Source Files</Filter>
    </ClCompile>
    <ClCompile Include="devfont24x19.c">
      <Filter>Source Files</Filter>
    </ClCompile>
    <ClCompile Include="display.cpp">
      <Filter>Source Files</Filter>
    </ClCompile>
    <ClCompile Include="map.c">
      <Filter>Source Files</Filter>
    </ClCompile>
    <ClCompile Include="..\FatFs\ff.cpp">
      <Filter>Source Files\FatFs</Filter>
    </ClCompile>
    <ClCompile Include="..\FatFs\ffunicode.cpp">
      <Filter>Source Files\FatFs</Filter>
    </ClCompile>
    <ClCompile Include="..\MapFile\fs.c">
      <Filter>Source Files\MapFile</Filter>
    </ClCompile>
    <ClCompile Include="..\MapFile\fscache.c">
      <Filter>Source Files\MapFile</Filter>
    </ClCompile>
    <ClCompile Include="..\MapFile\lodepng.cpp">
      <Filter>Source Files\MapFile</Filter>
    </ClCompile>
    <ClCompile Include="..\MapFile\convert.c">
      <Filter>Source Files\MapFile</Filter>
    </ClCompile>
    <ClCompile Include="..\Types\coord.c">
      <Filter>Source Files\Types</Filter>
    </ClCompile>
    <ClCompile Include="fileiofatfs.c">
      <Filter>Source Files</Filter>
    </ClCompile>
    <ClCompile Include="..\FatFs\diskio.c">
      <Filter>Source Files\FatFs</Filter>
    </ClCompile>
    <ClCompile Include="..\MapFile\crc.c">
      <Filter>Source Files\MapFile</Filter>
    </ClCompile>
  </ItemGroup>
  <ItemGroup>
    <ResourceCompile Include="CompressTest.rc">
      <Filter>Resource Files</Filter>
    </ResourceCompile>
  </ItemGroup>
  <ItemGroup>
    <Image Include="small.ico">
      <Filter>Resource Files</Filter>
    </Image>
    <Image Include="CompressTest.ico">
      <Filter>Resource Files</Filter>
    </Image>
  </ItemGroup>
</Project>